
Microsoft Visual Studio Solution File, Format Version 12.00
# Visual Studio Version 16
VisualStudioVersion = 16.0.29609.76
MinimumVisualStudioVersion = 10.0.40219.1
Project("{FAE04EC0-301F-11D3-BF4B-00C04F79EFBC}") = "CoreAppRazorEngine", "CoreAppRazorEngine\CoreAppRazorEngine.csproj", "{B1DF7EA6-4D5C-4D75-B65A-CBD8E27725A8}"
EndProject
Global
	GlobalSection(SolutionConfigurationPlatforms) = preSolution
		Debug|Any CPU = Debug|Any CPU
		Release|Any CPU = Release|Any CPU
	EndGlobalSection
	GlobalSection(ProjectConfigurationPlatforms) = postSolution
		{B1DF7EA6-4D5C-4D75-B65A-CBD8E27725A8}.Debug|Any CPU.ActiveCfg = Debug|Any CPU
		{B1DF7EA6-4D5C-4D75-B65A-CBD8E27725A8}.Debug|Any CPU.Build.0 = Debug|Any CPU
		{B1DF7EA6-4D5C-4D75-B65A-CBD8E27725A8}.Release|Any CPU.ActiveCfg = Release|Any CPU
		{B1DF7EA6-4D5C-4D75-B65A-CBD8E27725A8}.Release|Any CPU.Build.0 = Release|Any CPU
	EndGlobalSection
	GlobalSection(SolutionProperties) = preSolution
		HideSolutionNode = FALSE
	EndGlobalSection
	GlobalSection(ExtensibilityGlobals) = postSolution
		SolutionGuid = {C140D252-D8A0-401F-A7EA-1A43C54E810C}
	EndGlobalSection
EndGlobal
